
Microsoft Visual Studio Solution File, Format Version 12.00
# Visual Studio Version 17
VisualStudioVersion = 17.9.34728.123
MinimumVisualStudioVersion = 10.0.40219.1
Project("{FAE04EC0-301F-11D3-BF4B-00C04F79EFBC}") = "lista1exe8", "lista1exe8\lista1exe8.csproj", "{383426DE-FBF4-4636-ACE3-B3C9C6CE0BD0}"
EndProject
Global
	GlobalSection(SolutionConfigurationPlatforms) = preSolution
		Debug|Any CPU = Debug|Any CPU
		Release|Any CPU = Release|Any CPU
	EndGlobalSection
	GlobalSection(ProjectConfigurationPlatforms) = postSolution
		{383426DE-FBF4-4636-ACE3-B3C9C6CE0BD0}.Debug|Any CPU.ActiveCfg = Debug|Any CPU
		{383426DE-FBF4-4636-ACE3-B3C9C6CE0BD0}.Debug|Any CPU.Build.0 = Debug|Any CPU
		{383426DE-FBF4-4636-ACE3-B3C9C6CE0BD0}.Release|Any CPU.ActiveCfg = Release|Any CPU
		{383426DE-FBF4-4636-ACE3-B3C9C6CE0BD0}.Release|Any CPU.Build.0 = Release|Any CPU
	EndGlobalSection
	GlobalSection(SolutionProperties) = preSolution
		HideSolutionNode = FALSE
	EndGlobalSection
	GlobalSection(ExtensibilityGlobals) = postSolution
		SolutionGuid = {7A095A9A-7FC0-41FF-B2D6-E58D428900E9}
	EndGlobalSection
EndGlobal
